
Microsoft Visual Studio Solution File, Format Version 12.00
# Visual Studio Version 16
VisualStudioVersion = 16.0.33423.256
MinimumVisualStudioVersion = 10.0.40219.1
Project("{FAE04EC0-301F-11D3-BF4B-00C04F79EFBC}") = "NewGameProject2023", "NewGameProject2023\NewGameProject2023.csproj", "{99E5299E-EE7E-42E3-A3AC-71F00790EC84}"
EndProject
Global
	GlobalSection(SolutionConfigurationPlatforms) = preSolution
		Debug|Any CPU = Debug|Any CPU
		Release|Any CPU = Release|Any CPU
	EndGlobalSection
	GlobalSection(ProjectConfigurationPlatforms) = postSolution
		{99E5299E-EE7E-42E3-A3AC-71F00790EC84}.Debug|Any CPU.ActiveCfg = Debug|Any CPU
		{99E5299E-EE7E-42E3-A3AC-71F00790EC84}.Debug|Any CPU.Build.0 = Debug|Any CPU
		{99E5299E-EE7E-42E3-A3AC-71F00790EC84}.Release|Any CPU.ActiveCfg = Release|Any CPU
		{99E5299E-EE7E-42E3-A3AC-71F00790EC84}.Release|Any CPU.Build.0 = Release|Any CPU
	EndGlobalSection
	GlobalSection(SolutionProperties) = preSolution
		HideSolutionNode = FALSE
	EndGlobalSection
	GlobalSection(ExtensibilityGlobals) = postSolution
		SolutionGuid = {7AAE04A6-6D31-4DA1-9285-3C0BE22A6EBC}
	EndGlobalSection
EndGlobal
